
Microsoft Visual Studio Solution File, Format Version 12.00
# Visual Studio Version 17
VisualStudioVersion = 17.11.35208.52
MinimumVisualStudioVersion = 10.0.40219.1
Project("{F184B08F-C81C-45F6-A57F-5ABD9991F28F}") = "SteamAmarela", "SteamAmarela\SteamAmarela.vbproj", "{8C086F6A-ED36-4899-99D0-153162652C28}"
EndProject
Global
	GlobalSection(SolutionConfigurationPlatforms) = preSolution
		Debug|Any CPU = Debug|Any CPU
		Release|Any CPU = Release|Any CPU
	EndGlobalSection
	GlobalSection(ProjectConfigurationPlatforms) = postSolution
		{8C086F6A-ED36-4899-99D0-153162652C28}.Debug|Any CPU.ActiveCfg = Debug|Any CPU
		{8C086F6A-ED36-4899-99D0-153162652C28}.Debug|Any CPU.Build.0 = Debug|Any CPU
		{8C086F6A-ED36-4899-99D0-153162652C28}.Release|Any CPU.ActiveCfg = Release|Any CPU
		{8C086F6A-ED36-4899-99D0-153162652C28}.Release|Any CPU.Build.0 = Release|Any CPU
	EndGlobalSection
	GlobalSection(SolutionProperties) = preSolution
		HideSolutionNode = FALSE
	EndGlobalSection
	GlobalSection(ExtensibilityGlobals) = postSolution
		SolutionGuid = {728B299B-64D5-484C-8FE4-10B2D1727CB4}
	EndGlobalSection
EndGlobal
